{
  "version": "4",
  "remote": {
    "https://deno.land/std@0.207.0/async/delay.ts": "a6142eb44cdd856b645086af2b811b1fcce08ec06bb7d50969e6a872ee9b8659",
    "https://deno.land/std@0.207.0/http/server.ts": "f3cde6672e631d3e00785743cfa96bfed275618c0352c5ae84abbe5a2e0e4afc"
  },
  "workspace": {
    "packageJson": {
      "dependencies": [
        "npm:@eslint/eslintrc@3",
        "npm:@hookform/resolvers@^3.9.1",
        "npm:@radix-ui/react-alert-dialog@^1.1.5",
        "npm:@radix-ui/react-avatar@^1.1.2",
        "npm:@radix-ui/react-checkbox@^1.1.3",
        "npm:@radix-ui/react-dialog@^1.1.4",
        "npm:@radix-ui/react-dropdown-menu@^2.1.4",
        "npm:@radix-ui/react-label@^2.1.1",
        "npm:@radix-ui/react-navigation-menu@^1.2.3",
        "npm:@radix-ui/react-popover@^1.1.4",
        "npm:@radix-ui/react-progress@^1.1.1",
        "npm:@radix-ui/react-radio-group@^1.2.2",
        "npm:@radix-ui/react-scroll-area@^1.2.2",
        "npm:@radix-ui/react-select@^2.1.4",
        "npm:@radix-ui/react-separator@^1.1.1",
        "npm:@radix-ui/react-slider@^1.2.2",
        "npm:@radix-ui/react-slot@^1.1.1",
        "npm:@radix-ui/react-switch@^1.1.2",
        "npm:@radix-ui/react-tabs@^1.1.2",
        "npm:@radix-ui/react-toast@^1.2.4",
        "npm:@react-google-maps/api@^2.20.5",
        "npm:@stripe/stripe-js@^5.5.0",
        "npm:@supabase/auth-helpers-nextjs@0.10",
        "npm:@supabase/supabase-js@^2.47.10",
        "npm:@types/google-maps-react@^2.0.4",
        "npm:@types/node@20",
        "npm:@types/react-dom@19",
        "npm:@types/react@19",
        "npm:class-variance-authority@~0.7.1",
        "npm:clsx@^2.1.1",
        "npm:date-fns@^3.6.0",
        "npm:dayjs@^1.11.13",
        "npm:dotenv@^16.4.7",
        "npm:embla-carousel-react@^8.5.2",
        "npm:eslint-config-next@15.1.2",
        "npm:eslint@9",
        "npm:framer-motion@^12.0.6",
        "npm:jwt-decode@4",
        "npm:lucide-react@0.469",
        "npm:next@15.1.2",
        "npm:postcss@8",
        "npm:react-day-picker@^8.10.1",
        "npm:react-dom@^18.3.0",
        "npm:react-hook-form@^7.54.2",
        "npm:react-icon@1",
        "npm:react-icons@^5.4.0",
        "npm:react-time-picker@7",
        "npm:react@^18.3.0",
        "npm:recharts@^2.15.0",
        "npm:stripe@^17.5.0",
        "npm:supabase@^2.2.1",
        "npm:tailwind-merge@^2.6.0",
        "npm:tailwindcss-animate@^1.0.7",
        "npm:tailwindcss@^3.4.1",
        "npm:typescript@5",
        "npm:uuid@^11.0.3",
        "npm:zod@^3.24.1"
      ]
    }
  }
}
